{
  "name": "agente-ai-full",
  "version": "1.0.0",
  "lockfileVersion": 3,
  "requires": true,
  "packages": {
    "": {
      "name": "agente-ai-full",
      "version": "1.0.0",
      "license": "ISC",
      "dependencies": {
        "agente-ai-full": "file:"
      }
    },
    "node_modules/agente-ai-full": {
      "resolved": "",
      "link": true
    }
  }
}
